
Microsoft Visual Studio Solution File, Format Version 12.00
# Visual Studio 2013
VisualStudioVersion = 12.0.21005.1
MinimumVisualStudioVersion = 10.0.40219.1
Project("{FAE04EC0-301F-11D3-BF4B-00C04F79EFBC}") = "MultipleThreads", "MultipleThreads\MultipleThreads.csproj", "{8A157EA1-8FFF-4231-8621-8BD24B75E8F3}"
EndProject
Project("{FAE04EC0-301F-11D3-BF4B-00C04F79EFBC}") = "File", "File\File.csproj", "{2A2D39DA-1407-41D4-B050-AF760F8CB287}"
EndProject
Project("{FAE04EC0-301F-11D3-BF4B-00C04F79EFBC}") = "LoadData", "LoadData\LoadData.csproj", "{DDDE4816-801D-4C47-845A-6D87AEEBEDA5}"
EndProject
Global
	GlobalSection(SolutionConfigurationPlatforms) = preSolution
		Debug|Any CPU = Debug|Any CPU
		Release|Any CPU = Release|Any CPU
	EndGlobalSection
	GlobalSection(ProjectConfigurationPlatforms) = postSolution
		{8A157EA1-8FFF-4231-8621-8BD24B75E8F3}.Debug|Any CPU.ActiveCfg = Debug|Any CPU
		{8A157EA1-8FFF-4231-8621-8BD24B75E8F3}.Debug|Any CPU.Build.0 = Debug|Any CPU
		{8A157EA1-8FFF-4231-8621-8BD24B75E8F3}.Release|Any CPU.ActiveCfg = Release|Any CPU
		{8A157EA1-8FFF-4231-8621-8BD24B75E8F3}.Release|Any CPU.Build.0 = Release|Any CPU
		{2A2D39DA-1407-41D4-B050-AF760F8CB287}.Debug|Any CPU.ActiveCfg = Debug|Any CPU
		{2A2D39DA-1407-41D4-B050-AF760F8CB287}.Debug|Any CPU.Build.0 = Debug|Any CPU
		{2A2D39DA-1407-41D4-B050-AF760F8CB287}.Release|Any CPU.ActiveCfg = Release|Any CPU
		{2A2D39DA-1407-41D4-B050-AF760F8CB287}.Release|Any CPU.Build.0 = Release|Any CPU
		{DDDE4816-801D-4C47-845A-6D87AEEBEDA5}.Debug|Any CPU.ActiveCfg = Debug|Any CPU
		{DDDE4816-801D-4C47-845A-6D87AEEBEDA5}.Debug|Any CPU.Build.0 = Debug|Any CPU
		{DDDE4816-801D-4C47-845A-6D87AEEBEDA5}.Release|Any CPU.ActiveCfg = Release|Any CPU
		{DDDE4816-801D-4C47-845A-6D87AEEBEDA5}.Release|Any CPU.Build.0 = Release|Any CPU
	EndGlobalSection
	GlobalSection(SolutionProperties) = preSolution
		HideSolutionNode = FALSE
	EndGlobalSection
EndGlobal
